
Microsoft Visual Studio Solution File, Format Version 12.00
# Visual Studio Version 16
VisualStudioVersion = 16.0.31624.102
MinimumVisualStudioVersion = 10.0.40219.1
Project("{FAE04EC0-301F-11D3-BF4B-00C04F79EFBC}") = "TestProject", "TestProject\TestProject.csproj", "{ECC019A0-04C4-4093-8D86-C08C9EF9C930}"
EndProject
Global
	GlobalSection(SolutionConfigurationPlatforms) = preSolution
		Debug|Any CPU = Debug|Any CPU
		Release|Any CPU = Release|Any CPU
	EndGlobalSection
	GlobalSection(ProjectConfigurationPlatforms) = postSolution
		{ECC019A0-04C4-4093-8D86-C08C9EF9C930}.Debug|Any CPU.ActiveCfg = Debug|Any CPU
		{ECC019A0-04C4-4093-8D86-C08C9EF9C930}.Debug|Any CPU.Build.0 = Debug|Any CPU
		{ECC019A0-04C4-4093-8D86-C08C9EF9C930}.Release|Any CPU.ActiveCfg = Release|Any CPU
		{ECC019A0-04C4-4093-8D86-C08C9EF9C930}.Release|Any CPU.Build.0 = Release|Any CPU
	EndGlobalSection
	GlobalSection(SolutionProperties) = preSolution
		HideSolutionNode = FALSE
	EndGlobalSection
	GlobalSection(ExtensibilityGlobals) = postSolution
		SolutionGuid = {983B5FF7-0A54-43F4-9FD1-50D3043A852B}
	EndGlobalSection
EndGlobal
